
Microsoft Visual Studio Solution File, Format Version 12.00
# Visual Studio Version 17
VisualStudioVersion = 17.7.34031.279
MinimumVisualStudioVersion = 10.0.40219.1
Project("{FAE04EC0-301F-11D3-BF4B-00C04F79EFBC}") = "PR_7.1", "PR_7.1\PR_7.1.csproj", "{97C7E8CE-4940-47D0-9763-7077F9033432}"
EndProject
Global
	GlobalSection(SolutionConfigurationPlatforms) = preSolution
		Debug|Any CPU = Debug|Any CPU
		Release|Any CPU = Release|Any CPU
	EndGlobalSection
	GlobalSection(ProjectConfigurationPlatforms) = postSolution
		{97C7E8CE-4940-47D0-9763-7077F9033432}.Debug|Any CPU.ActiveCfg = Debug|Any CPU
		{97C7E8CE-4940-47D0-9763-7077F9033432}.Debug|Any CPU.Build.0 = Debug|Any CPU
		{97C7E8CE-4940-47D0-9763-7077F9033432}.Release|Any CPU.ActiveCfg = Release|Any CPU
		{97C7E8CE-4940-47D0-9763-7077F9033432}.Release|Any CPU.Build.0 = Release|Any CPU
	EndGlobalSection
	GlobalSection(SolutionProperties) = preSolution
		HideSolutionNode = FALSE
	EndGlobalSection
	GlobalSection(ExtensibilityGlobals) = postSolution
		SolutionGuid = {78D9D021-4013-499C-B2AC-A95B5B6F6029}
	EndGlobalSection
EndGlobal
